
Microsoft Visual Studio Solution File, Format Version 12.00
# Visual Studio Version 17
VisualStudioVersion = 17.14.37111.16 d17.14
MinimumVisualStudioVersion = 10.0.40219.1
Project("{FAE04EC0-301F-11D3-BF4B-00C04F79EFBC}") = "entityframeworkdbfirst4data", "entityframeworkdbfirst4data.csproj", "{DA4E040C-64E4-4B57-9745-EA284F4D95AA}"
EndProject
Global
	GlobalSection(SolutionConfigurationPlatforms) = preSolution
		Debug|Any CPU = Debug|Any CPU
		Release|Any CPU = Release|Any CPU
	EndGlobalSection
	GlobalSection(ProjectConfigurationPlatforms) = postSolution
		{DA4E040C-64E4-4B57-9745-EA284F4D95AA}.Debug|Any CPU.ActiveCfg = Debug|Any CPU
		{DA4E040C-64E4-4B57-9745-EA284F4D95AA}.Debug|Any CPU.Build.0 = Debug|Any CPU
		{DA4E040C-64E4-4B57-9745-EA284F4D95AA}.Release|Any CPU.ActiveCfg = Release|Any CPU
		{DA4E040C-64E4-4B57-9745-EA284F4D95AA}.Release|Any CPU.Build.0 = Release|Any CPU
	EndGlobalSection
	GlobalSection(SolutionProperties) = preSolution
		HideSolutionNode = FALSE
	EndGlobalSection
	GlobalSection(ExtensibilityGlobals) = postSolution
		SolutionGuid = {C031FAF3-501B-4F4C-A181-0A1FE3174D59}
	EndGlobalSection
EndGlobal
